
Microsoft Visual Studio Solution File, Format Version 12.00
Project("{FAE04EC0-301F-11D3-BF4B-00C04F79EFBC}") = "SubscriptionFactory", "SubscriptionFactory\SubscriptionFactory.csproj", "{BFA016C6-F2AA-4362-A246-E973CA9CA60C}"
EndProject
Project("{FAE04EC0-301F-11D3-BF4B-00C04F79EFBC}") = "DeviceFactory", "DeviceFactory\DeviceFactory.csproj", "{C9D5E383-A6F4-4E24-B176-56710C4669B1}"
EndProject
Global
	GlobalSection(SolutionConfigurationPlatforms) = preSolution
		Debug|Any CPU = Debug|Any CPU
		Release|Any CPU = Release|Any CPU
	EndGlobalSection
	GlobalSection(ProjectConfigurationPlatforms) = postSolution
		{BFA016C6-F2AA-4362-A246-E973CA9CA60C}.Debug|Any CPU.ActiveCfg = Debug|Any CPU
		{BFA016C6-F2AA-4362-A246-E973CA9CA60C}.Debug|Any CPU.Build.0 = Debug|Any CPU
		{BFA016C6-F2AA-4362-A246-E973CA9CA60C}.Release|Any CPU.ActiveCfg = Release|Any CPU
		{BFA016C6-F2AA-4362-A246-E973CA9CA60C}.Release|Any CPU.Build.0 = Release|Any CPU
		{C9D5E383-A6F4-4E24-B176-56710C4669B1}.Debug|Any CPU.ActiveCfg = Debug|Any CPU
		{C9D5E383-A6F4-4E24-B176-56710C4669B1}.Debug|Any CPU.Build.0 = Debug|Any CPU
		{C9D5E383-A6F4-4E24-B176-56710C4669B1}.Release|Any CPU.ActiveCfg = Release|Any CPU
		{C9D5E383-A6F4-4E24-B176-56710C4669B1}.Release|Any CPU.Build.0 = Release|Any CPU
	EndGlobalSection
EndGlobal
