
Microsoft Visual Studio Solution File, Format Version 12.00
Project("{FAE04EC0-301F-11D3-BF4B-00C04F79EFBC}") = "LoggerAdapter", "LoggerAdapter\LoggerAdapter.csproj", "{BAF3AA66-C4AD-406C-ADFE-9940072E3744}"
EndProject
Project("{FAE04EC0-301F-11D3-BF4B-00C04F79EFBC}") = "Hero", "Hero\Hero.csproj", "{48FCBE04-82AA-45A4-A3B6-DF185E6002A2}"
EndProject
Project("{FAE04EC0-301F-11D3-BF4B-00C04F79EFBC}") = "Shape", "Shape\Shape.csproj", "{A70DF97F-8E93-41BD-A986-C5B79E37FD8B}"
EndProject
Project("{FAE04EC0-301F-11D3-BF4B-00C04F79EFBC}") = "SmartTextReader", "SmartTextReader\SmartTextReader.csproj", "{917C2D0A-4D02-4B3C-9E6C-DE5526D93BD0}"
EndProject
Project("{FAE04EC0-301F-11D3-BF4B-00C04F79EFBC}") = "LightNode", "LightNode\LightNode.csproj", "{E80D0EA4-7C32-41E9-9A45-D64F71E20C85}"
EndProject
Global
	GlobalSection(SolutionConfigurationPlatforms) = preSolution
		Debug|Any CPU = Debug|Any CPU
		Release|Any CPU = Release|Any CPU
	EndGlobalSection
	GlobalSection(ProjectConfigurationPlatforms) = postSolution
		{BAF3AA66-C4AD-406C-ADFE-9940072E3744}.Debug|Any CPU.ActiveCfg = Debug|Any CPU
		{BAF3AA66-C4AD-406C-ADFE-9940072E3744}.Debug|Any CPU.Build.0 = Debug|Any CPU
		{BAF3AA66-C4AD-406C-ADFE-9940072E3744}.Release|Any CPU.ActiveCfg = Release|Any CPU
		{BAF3AA66-C4AD-406C-ADFE-9940072E3744}.Release|Any CPU.Build.0 = Release|Any CPU
		{48FCBE04-82AA-45A4-A3B6-DF185E6002A2}.Debug|Any CPU.ActiveCfg = Debug|Any CPU
		{48FCBE04-82AA-45A4-A3B6-DF185E6002A2}.Debug|Any CPU.Build.0 = Debug|Any CPU
		{48FCBE04-82AA-45A4-A3B6-DF185E6002A2}.Release|Any CPU.ActiveCfg = Release|Any CPU
		{48FCBE04-82AA-45A4-A3B6-DF185E6002A2}.Release|Any CPU.Build.0 = Release|Any CPU
		{A70DF97F-8E93-41BD-A986-C5B79E37FD8B}.Debug|Any CPU.ActiveCfg = Debug|Any CPU
		{A70DF97F-8E93-41BD-A986-C5B79E37FD8B}.Debug|Any CPU.Build.0 = Debug|Any CPU
		{A70DF97F-8E93-41BD-A986-C5B79E37FD8B}.Release|Any CPU.ActiveCfg = Release|Any CPU
		{A70DF97F-8E93-41BD-A986-C5B79E37FD8B}.Release|Any CPU.Build.0 = Release|Any CPU
		{917C2D0A-4D02-4B3C-9E6C-DE5526D93BD0}.Debug|Any CPU.ActiveCfg = Debug|Any CPU
		{917C2D0A-4D02-4B3C-9E6C-DE5526D93BD0}.Debug|Any CPU.Build.0 = Debug|Any CPU
		{917C2D0A-4D02-4B3C-9E6C-DE5526D93BD0}.Release|Any CPU.ActiveCfg = Release|Any CPU
		{917C2D0A-4D02-4B3C-9E6C-DE5526D93BD0}.Release|Any CPU.Build.0 = Release|Any CPU
		{E80D0EA4-7C32-41E9-9A45-D64F71E20C85}.Debug|Any CPU.ActiveCfg = Debug|Any CPU
		{E80D0EA4-7C32-41E9-9A45-D64F71E20C85}.Debug|Any CPU.Build.0 = Debug|Any CPU
		{E80D0EA4-7C32-41E9-9A45-D64F71E20C85}.Release|Any CPU.ActiveCfg = Release|Any CPU
		{E80D0EA4-7C32-41E9-9A45-D64F71E20C85}.Release|Any CPU.Build.0 = Release|Any CPU
	EndGlobalSection
EndGlobal
